
Microsoft Visual Studio Solution File, Format Version 12.00
# Visual Studio Version 16
VisualStudioVersion = 16.0.30128.74
MinimumVisualStudioVersion = 10.0.40219.1
Project("{9A19103F-16F7-4668-BE54-9A1E7A4F7556}") = "GifBot", "GifBot\GifBot.csproj", "{8900A72C-2B0F-496B-AA18-55D0538394C4}"
EndProject
Project("{9A19103F-16F7-4668-BE54-9A1E7A4F7556}") = "KarmaBot", "KarmaBot\KarmaBot.csproj", "{05FC21D1-65B9-48C0-9B7B-41257A008321}"
EndProject
Project("{9A19103F-16F7-4668-BE54-9A1E7A4F7556}") = "PerudoPlayerBot", "PerudoPlayerBot\PerudoPlayerBot.csproj", "{DF935E69-A311-4B0D-8396-D89333EEE671}"
EndProject
Project("{9A19103F-16F7-4668-BE54-9A1E7A4F7556}") = "RedditBot", "RedditBot\RedditBot.csproj", "{3178AB47-F46A-45F2-AB28-7B7B1E5521A3}"
EndProject
Project("{9A19103F-16F7-4668-BE54-9A1E7A4F7556}") = "PerudoBot", "PerudoBot\PerudoBot.csproj", "{C653C331-58F9-4B34-B6AD-421ED87A750E}"
EndProject
Project("{9A19103F-16F7-4668-BE54-9A1E7A4F7556}") = "SandboxBot", "SandboxBot\SandboxBot.csproj", "{DE6567C2-609C-4D0B-BE60-2CE6B40978DB}"
EndProject
Global
	GlobalSection(SolutionConfigurationPlatforms) = preSolution
		Debug|Any CPU = Debug|Any CPU
		Release|Any CPU = Release|Any CPU
	EndGlobalSection
	GlobalSection(ProjectConfigurationPlatforms) = postSolution
		{8900A72C-2B0F-496B-AA18-55D0538394C4}.Debug|Any CPU.ActiveCfg = Debug|Any CPU
		{8900A72C-2B0F-496B-AA18-55D0538394C4}.Debug|Any CPU.Build.0 = Debug|Any CPU
		{8900A72C-2B0F-496B-AA18-55D0538394C4}.Release|Any CPU.ActiveCfg = Release|Any CPU
		{8900A72C-2B0F-496B-AA18-55D0538394C4}.Release|Any CPU.Build.0 = Release|Any CPU
		{05FC21D1-65B9-48C0-9B7B-41257A008321}.Debug|Any CPU.ActiveCfg = Debug|Any CPU
		{05FC21D1-65B9-48C0-9B7B-41257A008321}.Debug|Any CPU.Build.0 = Debug|Any CPU
		{05FC21D1-65B9-48C0-9B7B-41257A008321}.Release|Any CPU.ActiveCfg = Release|Any CPU
		{05FC21D1-65B9-48C0-9B7B-41257A008321}.Release|Any CPU.Build.0 = Release|Any CPU
		{DF935E69-A311-4B0D-8396-D89333EEE671}.Debug|Any CPU.ActiveCfg = Debug|Any CPU
		{DF935E69-A311-4B0D-8396-D89333EEE671}.Debug|Any CPU.Build.0 = Debug|Any CPU
		{DF935E69-A311-4B0D-8396-D89333EEE671}.Release|Any CPU.ActiveCfg = Release|Any CPU
		{DF935E69-A311-4B0D-8396-D89333EEE671}.Release|Any CPU.Build.0 = Release|Any CPU
		{3178AB47-F46A-45F2-AB28-7B7B1E5521A3}.Debug|Any CPU.ActiveCfg = Debug|Any CPU
		{3178AB47-F46A-45F2-AB28-7B7B1E5521A3}.Debug|Any CPU.Build.0 = Debug|Any CPU
		{3178AB47-F46A-45F2-AB28-7B7B1E5521A3}.Release|Any CPU.ActiveCfg = Release|Any CPU
		{3178AB47-F46A-45F2-AB28-7B7B1E5521A3}.Release|Any CPU.Build.0 = Release|Any CPU
		{C653C331-58F9-4B34-B6AD-421ED87A750E}.Debug|Any CPU.ActiveCfg = Debug|Any CPU
		{C653C331-58F9-4B34-B6AD-421ED87A750E}.Debug|Any CPU.Build.0 = Debug|Any CPU
		{C653C331-58F9-4B34-B6AD-421ED87A750E}.Release|Any CPU.ActiveCfg = Release|Any CPU
		{C653C331-58F9-4B34-B6AD-421ED87A750E}.Release|Any CPU.Build.0 = Release|Any CPU
		{DE6567C2-609C-4D0B-BE60-2CE6B40978DB}.Debug|Any CPU.ActiveCfg = Debug|Any CPU
		{DE6567C2-609C-4D0B-BE60-2CE6B40978DB}.Debug|Any CPU.Build.0 = Debug|Any CPU
		{DE6567C2-609C-4D0B-BE60-2CE6B40978DB}.Release|Any CPU.ActiveCfg = Release|Any CPU
		{DE6567C2-609C-4D0B-BE60-2CE6B40978DB}.Release|Any CPU.Build.0 = Release|Any CPU
	EndGlobalSection
	GlobalSection(SolutionProperties) = preSolution
		HideSolutionNode = FALSE
	EndGlobalSection
	GlobalSection(ExtensibilityGlobals) = postSolution
		SolutionGuid = {12FFEE64-D89D-41A6-B158-BFB92CD968CD}
	EndGlobalSection
EndGlobal
